
Microsoft Visual Studio Solution File, Format Version 12.00
# Visual Studio Version 16
VisualStudioVersion = 16.0.29418.71
MinimumVisualStudioVersion = 10.0.40219.1
Project("{9A19103F-16F7-4668-BE54-9A1E7A4F7556}") = "KafkaWelcomeKit", "KafkaWelcomeKit.csproj", "{EB2F113D-5036-43DB-AB60-A4EA66B727DD}"
EndProject
Global
	GlobalSection(SolutionConfigurationPlatforms) = preSolution
		Debug|Any CPU = Debug|Any CPU
		Release|Any CPU = Release|Any CPU
	EndGlobalSection
	GlobalSection(ProjectConfigurationPlatforms) = postSolution
		{EB2F113D-5036-43DB-AB60-A4EA66B727DD}.Debug|Any CPU.ActiveCfg = Debug|Any CPU
		{EB2F113D-5036-43DB-AB60-A4EA66B727DD}.Debug|Any CPU.Build.0 = Debug|Any CPU
		{EB2F113D-5036-43DB-AB60-A4EA66B727DD}.Release|Any CPU.ActiveCfg = Release|Any CPU
		{EB2F113D-5036-43DB-AB60-A4EA66B727DD}.Release|Any CPU.Build.0 = Release|Any CPU
	EndGlobalSection
	GlobalSection(SolutionProperties) = preSolution
		HideSolutionNode = FALSE
	EndGlobalSection
	GlobalSection(ExtensibilityGlobals) = postSolution
		SolutionGuid = {7B689E99-B414-4E6F-9083-191E545A1B7A}
	EndGlobalSection
EndGlobal
